
Microsoft Visual Studio Solution File, Format Version 12.00
# Visual Studio Version 16
VisualStudioVersion = 16.0.31105.61
MinimumVisualStudioVersion = 10.0.40219.1
Project("{FAE04EC0-301F-11D3-BF4B-00C04F79EFBC}") = "TestDBNotification", "TestDBNotification\TestDBNotification.csproj", "{C6828E5E-0EC2-49F2-B7FD-E7BA7CB137B5}"
EndProject
Global
	GlobalSection(SolutionConfigurationPlatforms) = preSolution
		Debug|Any CPU = Debug|Any CPU
		Release|Any CPU = Release|Any CPU
	EndGlobalSection
	GlobalSection(ProjectConfigurationPlatforms) = postSolution
		{C6828E5E-0EC2-49F2-B7FD-E7BA7CB137B5}.Debug|Any CPU.ActiveCfg = Debug|Any CPU
		{C6828E5E-0EC2-49F2-B7FD-E7BA7CB137B5}.Debug|Any CPU.Build.0 = Debug|Any CPU
		{C6828E5E-0EC2-49F2-B7FD-E7BA7CB137B5}.Release|Any CPU.ActiveCfg = Release|Any CPU
		{C6828E5E-0EC2-49F2-B7FD-E7BA7CB137B5}.Release|Any CPU.Build.0 = Release|Any CPU
	EndGlobalSection
	GlobalSection(SolutionProperties) = preSolution
		HideSolutionNode = FALSE
	EndGlobalSection
	GlobalSection(ExtensibilityGlobals) = postSolution
		SolutionGuid = {6AC1FCF8-0E88-4C2C-B34A-A1269ED1BBD7}
	EndGlobalSection
EndGlobal
